
Microsoft Visual Studio Solution File, Format Version 12.00
# Visual Studio Version 16
VisualStudioVersion = 16.0.29613.14
MinimumVisualStudioVersion = 10.0.40219.1
Project("{FAE04EC0-301F-11D3-BF4B-00C04F79EFBC}") = "DinosaurVsRobot", "DinosaurVsRobot\DinosaurVsRobot.csproj", "{24266CBB-FCED-4FFA-9412-B0C02F047615}"
EndProject
Global
	GlobalSection(SolutionConfigurationPlatforms) = preSolution
		Debug|Any CPU = Debug|Any CPU
		Release|Any CPU = Release|Any CPU
	EndGlobalSection
	GlobalSection(ProjectConfigurationPlatforms) = postSolution
		{24266CBB-FCED-4FFA-9412-B0C02F047615}.Debug|Any CPU.ActiveCfg = Debug|Any CPU
		{24266CBB-FCED-4FFA-9412-B0C02F047615}.Debug|Any CPU.Build.0 = Debug|Any CPU
		{24266CBB-FCED-4FFA-9412-B0C02F047615}.Release|Any CPU.ActiveCfg = Release|Any CPU
		{24266CBB-FCED-4FFA-9412-B0C02F047615}.Release|Any CPU.Build.0 = Release|Any CPU
	EndGlobalSection
	GlobalSection(SolutionProperties) = preSolution
		HideSolutionNode = FALSE
	EndGlobalSection
	GlobalSection(ExtensibilityGlobals) = postSolution
		SolutionGuid = {92852D22-6538-47A2-BE0E-2EDCBE890A52}
	EndGlobalSection
EndGlobal
